// !$*UTF8*$!
{
	archiveVersion = 1;
	classes = {
	};
	objectVersion = 46;
	objects = {

/* Begin PBXBuildFile section */
		EBEA27591A955B9C00212A3F /* AppDelegate.swift in Sources */ = {isa = PBXBuildFile; fileRef = EBEA27581A955B9C00212A3F /* AppDelegate.swift */; };
		EBEA275B1A955B9C00212A3F /* ViewController.swift in Sources */ = {isa = PBXBuildFile; fileRef = EBEA275A1A955B9C00212A3F /* ViewController.swift */; };
		EBEA275E1A955B9C00212A3F /* Main.storyboard in Resources */ = {isa = PBXBuildFile; fileRef = EBEA275C1A955B9C00212A3F /* Main.storyboard */; };
		EBEA27601A955B9C00212A3F /* Images.xcassets in Resources */ = {isa = PBXBuildFile; fileRef = EBEA275F1A955B9C00212A3F /* Images.xcassets */; };
		EBEA27631A955B9C00212A3F /* LaunchScreen.xib in Resources */ = {isa = PBXBuildFile; fileRef = EBEA27611A955B9C00212A3F /* LaunchScreen.xib */; };
		EBEA276F1A955B9C00212A3F /* twitterTests.swift in Sources */ = {isa = PBXBuildFile; fileRef = EBEA276E1A955B9C00212A3F /* twitterTests.swift */; };
/* End PBXBuildFile section */

/* Begin PBXContainerItemProxy section */
		EBEA27691A955B9C00212A3F /* PBXContainerItemProxy */ = {
			isa = PBXContainerItemProxy;
			containerPortal = EBEA274B1A955B9C00212A3F /* Project object */;
			proxyType = 1;
			remoteGlobalIDString = EBEA27521A955B9C00212A3F;
			remoteInfo = twitter;
		};
/* End PBXContainerItemProxy section */

/* Begin PBXFileReference section */
		EBEA27531A955B9C00212A3F /* twitter.app */ = {isa = PBXFileReference; explicitFileType = wrapper.application; includeInIndex = 0; path = twitter.app; sourceTree = BUILT_PRODUCTS_DIR; };
		EBEA27571A955B9C00212A3F /* Info.plist */ = {isa = PBXFileReference; lastKnownFileType = text.plist.xml; path = Info.plist; sourceTree = "<group>"; };
		EBEA27581A955B9C00212A3F /* AppDelegate.swift */ = {isa = PBXFileReference; lastKnownFileType = sourcecode.swift; path = AppDelegate.swift; sourceTree = "<group>"; };
		EBEA275A1A955B9C00212A3F /* ViewController.swift */ = {isa = PBXFileReference; lastKnownFileType = sourcecode.swift; path = ViewController.swift; sourceTree = "<group>"; };
		EBEA275D1A955B9C00212A3F /* Base */ = {isa = PBXFileReference; lastKnownFileType = file.storyboard; name = Base; path = Base.lproj/Main.storyboard; sourceTree = "<group>"; };
		EBEA275F1A955B9C00212A3F /* Images.xcassets */ = {isa = PBXFileReference; lastKnownFileType = folder.assetcatalog; path = Images.xcassets; sourceTree = "<group>"; };
		EBEA27621A955B9C00212A3F /* Base */ = {isa = PBXFileReference; lastKnownFileType = file.xib; name = Base; path = Base.lproj/LaunchScreen.xib; sourceTree = "<group>"; };
		EBEA27681A955B9C00212A3F /* twitterTests.xctest */ = {isa = PBXFileReference; explicitFileType = wrapper.cfbundle; includeInIndex = 0; path = twitterTests.xctest; sourceTree = BUILT_PRODUCTS_DIR; };
		EBEA276D1A955B9C00212A3F /* Info.plist */ = {isa = PBXFileReference; lastKnownFileType = text.plist.xml; path = Info.plist; sourceTree = "<group>"; };
		EBEA276E1A955B9C00212A3F /* twitterTests.swift */ = {isa = PBXFileReference; lastKnownFileType = sourcecode.swift; path = twitterTests.swift; sourceTree = "<group>"; };
/* End PBXFileReference section */

/* Begin PBXFrameworksBuildPhase section */
		EBEA27501A955B9C00212A3F /* Frameworks */ = {
			isa = PBXFrameworksBuildPhase;
			buildActionMask = 2147483647;
			files = (
			);
			runOnlyForDeploymentPostprocessing = 0;
		};
		EBEA27651A955B9C00212A3F /* Frameworks */ = {
			isa = PBXFrameworksBuildPhase;
			buildActionMask = 2147483647;
			files = (
			);
			runOnlyForDeploymentPostprocessing = 0;
		};
/* End PBXFrameworksBuildPhase section */

/* Begin PBXGroup section */
		EBEA274A1A955B9C00212A3F = {
			isa = PBXGroup;
			children = (
				EBEA27551A955B9C00212A3F /* twitter */,
				EBEA276B1A955B9C00212A3F /* twitterTests */,
				EBEA27541A955B9C00212A3F /* Products */,
			);
			sourceTree = "<group>";
		};
		EBEA27541A955B9C00212A3F /* Products */ = {
			isa = PBXGroup;
			children = (
				EBEA27531A955B9C00212A3F /* twitter.app */,
				EBEA27681A955B9C00212A3F /* twitterTests.xctest */,
			);
			name = Products;
			sourceTree = "<group>";
		};
		EBEA27551A955B9C00212A3F /* twitter */ = {
			isa = PBXGroup;
			children = (
				EBEA27581A955B9C00212A3F /* AppDelegate.swift */,
				EBEA275A1A955B9C00212A3F /* ViewController.swift */,
				EBEA275C1A955B9C00212A3F /* Main.storyboard */,
				EBEA275F1A955B9C00212A3F /* Images.xcassets */,
				EBEA27611A955B9C00212A3F /* LaunchScreen.xib */,
				EBEA27561A955B9C00212A3F /* Supporting Files */,
			);
			path = twitter;
			sourceTree = "<group>";
		};
		EBEA27561A955B9C00212A3F /* Supporting Files */ = {
			isa = PBXGroup;
			children = (
				EBEA27571A955B9C00212A3F /* Info.plist */,
			);
			name = "Supporting Files";
			sourceTree = "<group>";
		};
		EBEA276B1A955B9C00212A3F /* twitterTests */ = {
			isa = PBXGroup;
			children = (
				EBEA276E1A955B9C00212A3F /* twitterTests.swift */,
				EBEA276C1A955B9C00212A3F /* Supporting Files */,
			);
			path = twitterTests;
			sourceTree = "<group>";
		};
		EBEA276C1A955B9C00212A3F /* Supporting Files */ = {
			isa = PBXGroup;
			children = (
				EBEA276D1A955B9C00212A3F /* Info.plist */,
			);
			name = "Supporting Files";
			sourceTree = "<group>";
		};
/* End PBXGroup section */

/* Begin PBXNativeTarget section */
		EBEA27521A955B9C00212A3F /* twitter */ = {
			isa = PBXNativeTarget;
			buildConfigurationList = EBEA27721A955B9C00212A3F /* Build configuration list for PBXNativeTarget "twitter" */;
			buildPhases = (
				EBEA274F1A955B9C00212A3F /* Sources */,
				EBEA27501A955B9C00212A3F /* Frameworks */,
				EBEA27511A955B9C00212A3F /* Resources */,
			);
			buildRules = (
			);
			dependencies = (
			);
			name = twitter;
			productName = twitter;
			productReference = EBEA27531A955B9C00212A3F /* twitter.app */;
			productType = "com.apple.product-type.application";
		};
		EBEA27671A955B9C00212A3F /* twitterTests */ = {
			isa = PBXNativeTarget;
			buildConfigurationList = EBEA27751A955B9C00212A3F /* Build configuration list for PBXNativeTarget "twitterTests" */;
			buildPhases = (
				EBEA27641A955B9C00212A3F /* Sources */,
				EBEA27651A955B9C00212A3F /* Frameworks */,
				EBEA27661A955B9C00212A3F /* Resources */,
			);
			buildRules = (
			);
			dependencies = (
				EBEA276A1A955B9C00212A3F /* PBXTargetDependency */,
			);
			name = twitterTests;
			productName = twitterTests;
			productReference = EBEA27681A955B9C00212A3F /* twitterTests.xctest */;
			productType = "com.apple.product-type.bundle.unit-test";
		};
/* End PBXNativeTarget section */

/* Begin PBXProject section */
		EBEA274B1A955B9C00212A3F /* Project object */ = {
			isa = PBXProject;
			attributes = {
				LastUpgradeCheck = 0620;
				ORGANIZATIONNAME = Codepath;
				TargetAttributes = {
					EBEA27521A955B9C00212A3F = {
						CreatedOnToolsVersion = 6.2;
					};
					EBEA27671A955B9C00212A3F = {
						CreatedOnToolsVersion = 6.2;
						TestTargetID = EBEA27521A955B9C00212A3F;
					};
				};
			};
			buildConfigurationList = EBEA274E1A955B9C00212A3F /* Build configuration list for PBXProject "twitter" */;
			compatibilityVersion = "Xcode 3.2";
			developmentRegion = English;
			hasScannedForEncodings = 0;
			knownRegions = (
				en,
				Base,
			);
			mainGroup = EBEA274A1A955B9C00212A3F;
			productRefGroup = EBEA27541A955B9C00212A3F /* Products */;
			projectDirPath = "";
			projectRoot = "";
			targets = (
				EBEA27521A955B9C00212A3F /* twitter */,
				EBEA27671A955B9C00212A3F /* twitterTests */,
			);
		};
/* End PBXProject section */

/* Begin PBXResourcesBuildPhase section */
		EBEA27511A955B9C00212A3F /* Resources */ = {
			isa = PBXResourcesBuildPhase;
			buildActionMask = 2147483647;
			files = (
				EBEA275E1A955B9C00212A3F /* Main.storyboard in Resources */,
				EBEA27631A955B9C00212A3F /* LaunchScreen.xib in Resources */,
				EBEA27601A955B9C00212A3F /* Images.xcassets in Resources */,
			);
			runOnlyForDeploymentPostprocessing = 0;
		};
		EBEA27661A955B9C00212A3F /* Resources */ = {
			isa = PBXResourcesBuildPhase;
			buildActionMask = 2147483647;
			files = (
			);
			runOnlyForDeploymentPostprocessing = 0;
		};
/* End PBXResourcesBuildPhase section */

/* Begin PBXSourcesBuildPhase section */
		EBEA274F1A955B9C00212A3F /* Sources */ = {
			isa = PBXSourcesBuildPhase;
			buildActionMask = 2147483647;
			files = (
				EBEA275B1A955B9C00212A3F /* ViewController.swift in Sources */,
				EBEA27591A955B9C00212A3F /* AppDelegate.swift in Sources */,
			);
			runOnlyForDeploymentPostprocessing = 0;
		};
		EBEA27641A955B9C00212A3F /* Sources */ = {
			isa = PBXSourcesBuildPhase;
			buildActionMask = 2147483647;
			files = (
				EBEA276F1A955B9C00212A3F /* twitterTests.swift in Sources */,
			);
			runOnlyForDeploymentPostprocessing = 0;
		};
/* End PBXSourcesBuildPhase section */

/* Begin PBXTargetDependency section */
		EBEA276A1A955B9C00212A3F /* PBXTargetDependency */ = {
			isa = PBXTargetDependency;
			target = EBEA27521A955B9C00212A3F /* twitter */;
			targetProxy = EBEA27691A955B9C00212A3F /* PBXContainerItemProxy */;
		};
/* End PBXTargetDependency section */

/* Begin PBXVariantGroup section */
		EBEA275C1A955B9C00212A3F /* Main.storyboard */ = {
			isa = PBXVariantGroup;
			children = (
				EBEA275D1A955B9C00212A3F /* Base */,
			);
			name = Main.storyboard;
			sourceTree = "<group>";
		};
		EBEA27611A955B9C00212A3F /* LaunchScreen.xib */ = {
			isa = PBXVariantGroup;
			children = (
				EBEA27621A955B9C00212A3F /* Base */,
			);
			name = LaunchScreen.xib;
			sourceTree = "<group>";
		};
/* End PBXVariantGroup section */

/* Begin XCBuildConfiguration section */
		EBEA27701A955B9C00212A3F /* Debug */ = {
			isa = XCBuildConfiguration;
			buildSettings = {
				ALWAYS_SEARCH_USER_PATHS = NO;
				CLANG_CXX_LANGUAGE_STANDARD = "gnu++0x";
				CLANG_CXX_LIBRARY = "libc++";
				CLANG_ENABLE_MODULES = YES;
				CLANG_ENABLE_OBJC_ARC = YES;
				CLANG_WARN_BOOL_CONVERSION = YES;
				CLANG_WARN_CONSTANT_CONVERSION = YES;
				CLANG_WARN_DIRECT_OBJC_ISA_USAGE = YES_ERROR;
				CLANG_WARN_EMPTY_BODY = YES;
				CLANG_WARN_ENUM_CONVERSION = YES;
				CLANG_WARN_INT_CONVERSION = YES;
				CLANG_WARN_OBJC_ROOT_CLASS = YES_ERROR;
				CLANG_WARN_UNREACHABLE_CODE = YES;
				CLANG_WARN__DUPLICATE_METHOD_MATCH = YES;
				"CODE_SIGN_IDENTITY[sdk=iphoneos*]" = "iPhone Developer";
				COPY_PHASE_STRIP = NO;
				ENABLE_STRICT_OBJC_MSGSEND = YES;
				GCC_C_LANGUAGE_STANDARD = gnu99;
				GCC_DYNAMIC_NO_PIC = NO;
				GCC_OPTIMIZATION_LEVEL = 0;
				GCC_PREPROCESSOR_DEFINITIONS = (
					"DEBUG=1",
					"$(inherited)",
				);
				GCC_SYMBOLS_PRIVATE_EXTERN = NO;
				GCC_WARN_64_TO_32_BIT_CONVERSION = YES;
				GCC_WARN_ABOUT_RETURN_TYPE = YES_ERROR;
				GCC_WARN_UNDECLARED_SELECTOR = YES;
				GCC_WARN_UNINITIALIZED_AUTOS = YES_AGGRESSIVE;
				GCC_WARN_UNUSED_FUNCTION = YES;
				GCC_WARN_UNUSED_VARIABLE = YES;
				IPHONEOS_DEPLOYMENT_TARGET = 8.2;
				MTL_ENABLE_DEBUG_INFO = YES;
				ONLY_ACTIVE_ARCH = YES;
				SDKROOT = iphoneos;
				SWIFT_OPTIMIZATION_LEVEL = "-Onone";
				TARGETED_DEVICE_FAMILY = "1,2";
			};
			name = Debug;
		};
		EBEA27711A955B9C00212A3F /* Release */ = {
			isa = XCBuildConfiguration;
			buildSettings = {
				ALWAYS_SEARCH_USER_PATHS = NO;
				CLANG_CXX_LANGUAGE_STANDARD = "gnu++0x";
				CLANG_CXX_LIBRARY = "libc++";
				CLANG_ENABLE_MODULES = YES;
				CLANG_ENABLE_OBJC_ARC = YES;
				CLANG_WARN_BOOL_CONVERSION = YES;
				CLANG_WARN_CONSTANT_CONVERSION = YES;
				CLANG_WARN_DIRECT_OBJC_ISA_USAGE = YES_ERROR;
				CLANG_WARN_EMPTY_BODY = YES;
				CLANG_WARN_ENUM_CONVERSION = YES;
				CLANG_WARN_INT_CONVERSION = YES;
				CLANG_WARN_OBJC_ROOT_CLASS = YES_ERROR;
				CLANG_WARN_UNREACHABLE_CODE = YES;
				CLANG_WARN__DUPLICATE_METHOD_MATCH = YES;
				"CODE_SIGN_IDENTITY[sdk=iphoneos*]" = "iPhone Developer";
				COPY_PHASE_STRIP = NO;
				ENABLE_NS_ASSERTIONS = NO;
				ENABLE_STRICT_OBJC_MSGSEND = YES;
				GCC_C_LANGUAGE_STANDARD = gnu99;
				GCC_WARN_64_TO_32_BIT_CONVERSION = YES;
				GCC_WARN_ABOUT_RETURN_TYPE = YES_ERROR;
				GCC_WARN_UNDECLARED_SELECTOR = YES;
				GCC_WARN_UNINITIALIZED_AUTOS = YES_AGGRESSIVE;
				GCC_WARN_UNUSED_FUNCTION = YES;
				GCC_WARN_UNUSED_VARIABLE = YES;
				IPHONEOS_DEPLOYMENT_TARGET = 8.2;
				MTL_ENABLE_DEBUG_INFO = NO;
				SDKROOT = iphoneos;
				TARGETED_DEVICE_FAMILY = "1,2";
				VALIDATE_PRODUCT = YES;
			};
			name = Release;
		};
		EBEA27731A955B9C00212A3F /* Debug */ = {
			isa = XCBuildConfiguration;
			buildSettings = {
				ASSETCATALOG_COMPILER_APPICON_NAME = AppIcon;
				INFOPLIST_FILE = twitter/Info.plist;
				LD_RUNPATH_SEARCH_PATHS = "$(inherited) @executable_path/Frameworks";
				PRODUCT_NAME = "$(TARGET_NAME)";
			};
			name = Debug;
		};
		EBEA27741A955B9C00212A3F /* Release */ = {
			isa = XCBuildConfiguration;
			buildSettings = {
				ASSETCATALOG_COMPILER_APPICON_NAME = AppIcon;
				INFOPLIST_FILE = twitter/Info.plist;
				LD_RUNPATH_SEARCH_PATHS = "$(inherited) @executable_path/Frameworks";
				PRODUCT_NAME = "$(TARGET_NAME)";
			};
			name = Release;
		};
		EBEA27761A955B9C00212A3F /* Debug */ = {
			isa = XCBuildConfiguration;
			buildSettings = {
				BUNDLE_LOADER = "$(TEST_HOST)";
				FRAMEWORK_SEARCH_PATHS = (
					"$(SDKROOT)/Developer/Library/Frameworks",
					"$(inherited)",
				);
				GCC_PREPROCESSOR_DEFINITIONS = (
					"DEBUG=1",
					"$(inherited)",
				);
				INFOPLIST_FILE = twitterTests/Info.plist;
				LD_RUNPATH_SEARCH_PATHS = "$(inherited) @executable_path/Frameworks @loader_path/Frameworks";
				PRODUCT_NAME = "$(TARGET_NAME)";
				TEST_HOST = "$(BUILT_PRODUCTS_DIR)/twitter.app/twitter";
			};
			name = Debug;
		};
		EBEA27771A955B9C00212A3F /* Release */ = {
			isa = XCBuildConfiguration;
			buildSettings = {
				BUNDLE_LOADER = "$(TEST_HOST)";
				FRAMEWORK_SEARCH_PATHS = (
					"$(SDKROOT)/Developer/Library/Frameworks",
					"$(inherited)",
				);
				INFOPLIST_FILE = twitterTests/Info.plist;
				LD_RUNPATH_SEARCH_PATHS = "$(inherited) @executable_path/Frameworks @loader_path/Frameworks";
				PRODUCT_NAME = "$(TARGET_NAME)";
				TEST_HOST = "$(BUILT_PRODUCTS_DIR)/twitter.app/twitter";
			};
			name = Release;
		};
/* End XCBuildConfiguration section */

/* Begin XCConfigurationList section */
		EBEA274E1A955B9C00212A3F /* Build configuration list for PBXProject "twitter" */ = {
			isa = XCConfigurationList;
			buildConfigurations = (
				EBEA27701A955B9C00212A3F /* Debug */,
				EBEA27711A955B9C00212A3F /* Release */,
			);
			defaultConfigurationIsVisible = 0;
			defaultConfigurationName = Release;
		};
		EBEA27721A955B9C00212A3F /* Build configuration list for PBXNativeTarget "twitter" */ = {
			isa = XCConfigurationList;
			buildConfigurations = (
				EBEA27731A955B9C00212A3F /* Debug */,
				EBEA27741A955B9C00212A3F /* Release */,
			);
			defaultConfigurationIsVisible = 0;
		};
		EBEA27751A955B9C00212A3F /* Build configuration list for PBXNativeTarget "twitterTests" */ = {
			isa = XCConfigurationList;
			buildConfigurations = (
				EBEA27761A955B9C00212A3F /* Debug */,
				EBEA27771A955B9C00212A3F /* Release */,
			);
			defaultConfigurationIsVisible = 0;
		};
/* End XCConfigurationList section */
	};
	rootObject = EBEA274B1A955B9C00212A3F /* Project object */;
}
